
Microsoft Visual Studio Solution File, Format Version 12.00
# Visual Studio Version 17
VisualStudioVersion = 17.14.36401.2
MinimumVisualStudioVersion = 10.0.40219.1
Project("{FAE04EC0-301F-11D3-BF4B-00C04F79EFBC}") = "ProductAPI", "ProductAPI.csproj", "{B4647D9E-6A7E-4FB8-9CB1-3240F80DA2D2}"
EndProject
Global
	GlobalSection(SolutionConfigurationPlatforms) = preSolution
		Debug|Any CPU = Debug|Any CPU
		Release|Any CPU = Release|Any CPU
	EndGlobalSection
	GlobalSection(ProjectConfigurationPlatforms) = postSolution
		{B4647D9E-6A7E-4FB8-9CB1-3240F80DA2D2}.Debug|Any CPU.ActiveCfg = Debug|Any CPU
		{B4647D9E-6A7E-4FB8-9CB1-3240F80DA2D2}.Debug|Any CPU.Build.0 = Debug|Any CPU
		{B4647D9E-6A7E-4FB8-9CB1-3240F80DA2D2}.Release|Any CPU.ActiveCfg = Release|Any CPU
		{B4647D9E-6A7E-4FB8-9CB1-3240F80DA2D2}.Release|Any CPU.Build.0 = Release|Any CPU
	EndGlobalSection
	GlobalSection(SolutionProperties) = preSolution
		HideSolutionNode = FALSE
	EndGlobalSection
	GlobalSection(ExtensibilityGlobals) = postSolution
		SolutionGuid = {05F9B71E-06D7-460B-A9BE-655CF13989AF}
	EndGlobalSection
EndGlobal
